
Microsoft Visual Studio Solution File, Format Version 12.00
# Visual Studio 15
VisualStudioVersion = 15.0.28307.168
MinimumVisualStudioVersion = 10.0.40219.1
Project("{FAE04EC0-301F-11D3-BF4B-00C04F79EFBC}") = "SimpleWebHookTxtExpress", "SimpleWebHook\SimpleWebHookTxtExpress.csproj", "{B9EBB158-7140-44C7-8CA1-77121F9FEC8E}"
EndProject
Global
	GlobalSection(SolutionConfigurationPlatforms) = preSolution
		Debug|Any CPU = Debug|Any CPU
		Release|Any CPU = Release|Any CPU
	EndGlobalSection
	GlobalSection(ProjectConfigurationPlatforms) = postSolution
		{B9EBB158-7140-44C7-8CA1-77121F9FEC8E}.Debug|Any CPU.ActiveCfg = Debug|Any CPU
		{B9EBB158-7140-44C7-8CA1-77121F9FEC8E}.Debug|Any CPU.Build.0 = Debug|Any CPU
		{B9EBB158-7140-44C7-8CA1-77121F9FEC8E}.Release|Any CPU.ActiveCfg = Release|Any CPU
		{B9EBB158-7140-44C7-8CA1-77121F9FEC8E}.Release|Any CPU.Build.0 = Release|Any CPU
	EndGlobalSection
	GlobalSection(SolutionProperties) = preSolution
		HideSolutionNode = FALSE
	EndGlobalSection
	GlobalSection(ExtensibilityGlobals) = postSolution
		SolutionGuid = {54DD10B1-AF71-46DF-A0EA-80F1E6C4D087}
	EndGlobalSection
EndGlobal
